
Microsoft Visual Studio Solution File, Format Version 12.00
# Visual Studio 2012
Project("{FAE04EC0-301F-11D3-BF4B-00C04F79EFBC}") = "DALL_ABOGADOS", "dall\DALL_ABOGADOS.csproj", "{88152BCF-F95D-40B0-A704-9B9611764E7B}"
EndProject
Project("{FAE04EC0-301F-11D3-BF4B-00C04F79EFBC}") = "WEB-ABOGADOS", "..\WEB-ABOGADOS\WEB-ABOGADOS\WEB-ABOGADOS.csproj", "{05EA3386-A66D-41D8-AE88-249EDF197B2F}"
EndProject
Project("{FAE04EC0-301F-11D3-BF4B-00C04F79EFBC}") = "BLL_ABOGADOS", "BLL_ABOGADOS\BLL_ABOGADOS.csproj", "{8E9AD341-37FB-4BB0-B361-759CD133CB4B}"
EndProject
Global
	GlobalSection(SolutionConfigurationPlatforms) = preSolution
		Debug|Any CPU = Debug|Any CPU
		Release|Any CPU = Release|Any CPU
	EndGlobalSection
	GlobalSection(ProjectConfigurationPlatforms) = postSolution
		{88152BCF-F95D-40B0-A704-9B9611764E7B}.Debug|Any CPU.ActiveCfg = Debug|Any CPU
		{88152BCF-F95D-40B0-A704-9B9611764E7B}.Debug|Any CPU.Build.0 = Debug|Any CPU
		{88152BCF-F95D-40B0-A704-9B9611764E7B}.Release|Any CPU.ActiveCfg = Release|Any CPU
		{88152BCF-F95D-40B0-A704-9B9611764E7B}.Release|Any CPU.Build.0 = Release|Any CPU
		{05EA3386-A66D-41D8-AE88-249EDF197B2F}.Debug|Any CPU.ActiveCfg = Debug|Any CPU
		{05EA3386-A66D-41D8-AE88-249EDF197B2F}.Debug|Any CPU.Build.0 = Debug|Any CPU
		{05EA3386-A66D-41D8-AE88-249EDF197B2F}.Release|Any CPU.ActiveCfg = Release|Any CPU
		{05EA3386-A66D-41D8-AE88-249EDF197B2F}.Release|Any CPU.Build.0 = Release|Any CPU
		{8E9AD341-37FB-4BB0-B361-759CD133CB4B}.Debug|Any CPU.ActiveCfg = Debug|Any CPU
		{8E9AD341-37FB-4BB0-B361-759CD133CB4B}.Debug|Any CPU.Build.0 = Debug|Any CPU
		{8E9AD341-37FB-4BB0-B361-759CD133CB4B}.Release|Any CPU.ActiveCfg = Release|Any CPU
		{8E9AD341-37FB-4BB0-B361-759CD133CB4B}.Release|Any CPU.Build.0 = Release|Any CPU
	EndGlobalSection
	GlobalSection(SolutionProperties) = preSolution
		HideSolutionNode = FALSE
	EndGlobalSection
EndGlobal
